
Microsoft Visual Studio Solution File, Format Version 12.00
# Visual Studio Version 16
VisualStudioVersion = 16.0.30517.126
MinimumVisualStudioVersion = 10.0.40219.1
Project("{FAE04EC0-301F-11D3-BF4B-00C04F79EFBC}") = "SPR", "SPR.csproj", "{6BE3616E-0BFB-43A0-86D2-424E9A2B7699}"
EndProject
Global
	GlobalSection(SolutionConfigurationPlatforms) = preSolution
		Debug|Any CPU = Debug|Any CPU
		Release|Any CPU = Release|Any CPU
	EndGlobalSection
	GlobalSection(ProjectConfigurationPlatforms) = postSolution
		{6BE3616E-0BFB-43A0-86D2-424E9A2B7699}.Debug|Any CPU.ActiveCfg = Debug|Any CPU
		{6BE3616E-0BFB-43A0-86D2-424E9A2B7699}.Debug|Any CPU.Build.0 = Debug|Any CPU
		{6BE3616E-0BFB-43A0-86D2-424E9A2B7699}.Release|Any CPU.ActiveCfg = Release|Any CPU
		{6BE3616E-0BFB-43A0-86D2-424E9A2B7699}.Release|Any CPU.Build.0 = Release|Any CPU
	EndGlobalSection
	GlobalSection(SolutionProperties) = preSolution
		HideSolutionNode = FALSE
	EndGlobalSection
	GlobalSection(ExtensibilityGlobals) = postSolution
		SolutionGuid = {E525B9C5-A7C5-46C4-88C9-65C03D1D3262}
	EndGlobalSection
EndGlobal
